
Microsoft Visual Studio Solution File, Format Version 12.00
# Visual Studio 15
VisualStudioVersion = 15.0.27004.2002
MinimumVisualStudioVersion = 10.0.40219.1
Project("{9A19103F-16F7-4668-BE54-9A1E7A4F7556}") = "DGCorp.Web", "DGCorp.Web\DGCorp.Web.csproj", "{523E4907-EFC2-415E-8C4C-13D8C79F1494}"
EndProject
Project("{2150E333-8FDC-42A3-9474-1A3956D46DE8}") = "DataAccess", "DataAccess", "{3DD6E040-C3CE-4EAF-B8DA-F370F5BB307C}"
EndProject
Project("{2150E333-8FDC-42A3-9474-1A3956D46DE8}") = "BusinessLogic", "BusinessLogic", "{55D45AE1-8632-480F-8F3A-81373971E725}"
EndProject
Project("{2150E333-8FDC-42A3-9474-1A3956D46DE8}") = "Common", "Common", "{F527168D-C983-4E99-A156-3DC6E66F94F9}"
EndProject
Project("{2150E333-8FDC-42A3-9474-1A3956D46DE8}") = "Web", "Web", "{31CEE3CC-B4B9-4FEC-87D7-66424148C8DF}"
EndProject
Project("{2150E333-8FDC-42A3-9474-1A3956D46DE8}") = "Tests", "Tests", "{7CE86322-0109-48AA-A45A-3ACA602D70BA}"
EndProject
Project("{2150E333-8FDC-42A3-9474-1A3956D46DE8}") = "BusinessLogic", "BusinessLogic", "{53DBF664-8DEE-4185-8F41-EE3BDC6AA0FF}"
EndProject
Project("{2150E333-8FDC-42A3-9474-1A3956D46DE8}") = "DataAccess", "DataAccess", "{80BD5897-182E-4C08-A63F-73240B20B9EA}"
EndProject
Project("{2150E333-8FDC-42A3-9474-1A3956D46DE8}") = "Web", "Web", "{3BCEA12B-E3FB-459E-9568-2DFDFBD33903}"
EndProject
Project("{9A19103F-16F7-4668-BE54-9A1E7A4F7556}") = "DGGroup.TestConsole", "DGGroup.TestConsole\DGGroup.TestConsole.csproj", "{DD9950CA-612E-40B9-B4C4-37E93B8E52FC}"
EndProject
Project("{FAE04EC0-301F-11D3-BF4B-00C04F79EFBC}") = "DGCorp.BussinessLogic.Core", "DGCorp.BussinessLogic.Core\DGCorp.BussinessLogic.Core.csproj", "{C9E305AD-D89A-48DF-ABF9-491D1FA65ED0}"
EndProject
Project("{FAE04EC0-301F-11D3-BF4B-00C04F79EFBC}") = "DGCorp.BussinessLogic.Interfaces", "DGCorp.BussinessLogic.Interfaces\DGCorp.BussinessLogic.Interfaces.csproj", "{7F28290B-059D-4496-B7C5-CF6401EFFECE}"
EndProject
Project("{FAE04EC0-301F-11D3-BF4B-00C04F79EFBC}") = "DGCorp.Common", "DGCorp.Common\DGCorp.Common.csproj", "{5E399994-FEA1-4422-8AFD-F16AD25E134B}"
EndProject
Project("{FAE04EC0-301F-11D3-BF4B-00C04F79EFBC}") = "DGCorp.DataAccess.Core", "DGCorp.DataAccess.Core\DGCorp.DataAccess.Core.csproj", "{C323130C-CC5D-4EFB-B639-8DD8A18B9D29}"
EndProject
Project("{FAE04EC0-301F-11D3-BF4B-00C04F79EFBC}") = "DGCorp.DataAccess.Interfaces", "DGCorp.DataAccess.Interfaces\DGCorp.DataAccess.Interfaces.csproj", "{42C4F139-D821-4374-89C3-6A42CE971478}"
EndProject
Project("{FAE04EC0-301F-11D3-BF4B-00C04F79EFBC}") = "DGCorp.DataAccess.MSSQL", "DGCorp.DataAccess.MSSQL\DGCorp.DataAccess.MSSQL.csproj", "{1E6BA784-438D-466B-AD2E-D9844EEA831E}"
EndProject
Project("{FAE04EC0-301F-11D3-BF4B-00C04F79EFBC}") = "DGCorp.Web.Core", "DGCorp.Web.Core\DGCorp.Web.Core.csproj", "{13333B26-A230-4FFF-9CA2-50F51B217341}"
EndProject
Project("{FAE04EC0-301F-11D3-BF4B-00C04F79EFBC}") = "DGCorp.Web.WebApi", "DGCorp.Web.WebApi\DGCorp.Web.WebApi.csproj", "{587FB6D1-042F-422C-AB1E-5E9C26771075}"
EndProject
Project("{FAE04EC0-301F-11D3-BF4B-00C04F79EFBC}") = "DGCorp.Web.WebSockets", "DGCorp.Web.WebSockets\DGCorp.Web.WebSockets.csproj", "{E385C494-4998-46E2-ABAE-92E96F807156}"
EndProject
Project("{2150E333-8FDC-42A3-9474-1A3956D46DE8}") = "Admin", "Admin", "{5A65EED7-CF57-4C1D-B36C-EBD1AF8CDB05}"
EndProject
Global
	GlobalSection(SolutionConfigurationPlatforms) = preSolution
		Debug|Any CPU = Debug|Any CPU
		Release|Any CPU = Release|Any CPU
	EndGlobalSection
	GlobalSection(ProjectConfigurationPlatforms) = postSolution
		{523E4907-EFC2-415E-8C4C-13D8C79F1494}.Debug|Any CPU.ActiveCfg = Debug|Any CPU
		{523E4907-EFC2-415E-8C4C-13D8C79F1494}.Debug|Any CPU.Build.0 = Debug|Any CPU
		{523E4907-EFC2-415E-8C4C-13D8C79F1494}.Release|Any CPU.ActiveCfg = Release|Any CPU
		{523E4907-EFC2-415E-8C4C-13D8C79F1494}.Release|Any CPU.Build.0 = Release|Any CPU
		{DD9950CA-612E-40B9-B4C4-37E93B8E52FC}.Debug|Any CPU.ActiveCfg = Debug|Any CPU
		{DD9950CA-612E-40B9-B4C4-37E93B8E52FC}.Debug|Any CPU.Build.0 = Debug|Any CPU
		{DD9950CA-612E-40B9-B4C4-37E93B8E52FC}.Release|Any CPU.ActiveCfg = Release|Any CPU
		{DD9950CA-612E-40B9-B4C4-37E93B8E52FC}.Release|Any CPU.Build.0 = Release|Any CPU
		{C9E305AD-D89A-48DF-ABF9-491D1FA65ED0}.Debug|Any CPU.ActiveCfg = Debug|Any CPU
		{C9E305AD-D89A-48DF-ABF9-491D1FA65ED0}.Debug|Any CPU.Build.0 = Debug|Any CPU
		{C9E305AD-D89A-48DF-ABF9-491D1FA65ED0}.Release|Any CPU.ActiveCfg = Release|Any CPU
		{C9E305AD-D89A-48DF-ABF9-491D1FA65ED0}.Release|Any CPU.Build.0 = Release|Any CPU
		{7F28290B-059D-4496-B7C5-CF6401EFFECE}.Debug|Any CPU.ActiveCfg = Debug|Any CPU
		{7F28290B-059D-4496-B7C5-CF6401EFFECE}.Debug|Any CPU.Build.0 = Debug|Any CPU
		{7F28290B-059D-4496-B7C5-CF6401EFFECE}.Release|Any CPU.ActiveCfg = Release|Any CPU
		{7F28290B-059D-4496-B7C5-CF6401EFFECE}.Release|Any CPU.Build.0 = Release|Any CPU
		{5E399994-FEA1-4422-8AFD-F16AD25E134B}.Debug|Any CPU.ActiveCfg = Debug|Any CPU
		{5E399994-FEA1-4422-8AFD-F16AD25E134B}.Debug|Any CPU.Build.0 = Debug|Any CPU
		{5E399994-FEA1-4422-8AFD-F16AD25E134B}.Release|Any CPU.ActiveCfg = Release|Any CPU
		{5E399994-FEA1-4422-8AFD-F16AD25E134B}.Release|Any CPU.Build.0 = Release|Any CPU
		{C323130C-CC5D-4EFB-B639-8DD8A18B9D29}.Debug|Any CPU.ActiveCfg = Debug|Any CPU
		{C323130C-CC5D-4EFB-B639-8DD8A18B9D29}.Debug|Any CPU.Build.0 = Debug|Any CPU
		{C323130C-CC5D-4EFB-B639-8DD8A18B9D29}.Release|Any CPU.ActiveCfg = Release|Any CPU
		{C323130C-CC5D-4EFB-B639-8DD8A18B9D29}.Release|Any CPU.Build.0 = Release|Any CPU
		{42C4F139-D821-4374-89C3-6A42CE971478}.Debug|Any CPU.ActiveCfg = Debug|Any CPU
		{42C4F139-D821-4374-89C3-6A42CE971478}.Debug|Any CPU.Build.0 = Debug|Any CPU
		{42C4F139-D821-4374-89C3-6A42CE971478}.Release|Any CPU.ActiveCfg = Release|Any CPU
		{42C4F139-D821-4374-89C3-6A42CE971478}.Release|Any CPU.Build.0 = Release|Any CPU
		{1E6BA784-438D-466B-AD2E-D9844EEA831E}.Debug|Any CPU.ActiveCfg = Debug|Any CPU
		{1E6BA784-438D-466B-AD2E-D9844EEA831E}.Debug|Any CPU.Build.0 = Debug|Any CPU
		{1E6BA784-438D-466B-AD2E-D9844EEA831E}.Release|Any CPU.ActiveCfg = Release|Any CPU
		{1E6BA784-438D-466B-AD2E-D9844EEA831E}.Release|Any CPU.Build.0 = Release|Any CPU
		{13333B26-A230-4FFF-9CA2-50F51B217341}.Debug|Any CPU.ActiveCfg = Debug|Any CPU
		{13333B26-A230-4FFF-9CA2-50F51B217341}.Debug|Any CPU.Build.0 = Debug|Any CPU
		{13333B26-A230-4FFF-9CA2-50F51B217341}.Release|Any CPU.ActiveCfg = Release|Any CPU
		{13333B26-A230-4FFF-9CA2-50F51B217341}.Release|Any CPU.Build.0 = Release|Any CPU
		{587FB6D1-042F-422C-AB1E-5E9C26771075}.Debug|Any CPU.ActiveCfg = Debug|Any CPU
		{587FB6D1-042F-422C-AB1E-5E9C26771075}.Debug|Any CPU.Build.0 = Debug|Any CPU
		{587FB6D1-042F-422C-AB1E-5E9C26771075}.Release|Any CPU.ActiveCfg = Release|Any CPU
		{587FB6D1-042F-422C-AB1E-5E9C26771075}.Release|Any CPU.Build.0 = Release|Any CPU
		{E385C494-4998-46E2-ABAE-92E96F807156}.Debug|Any CPU.ActiveCfg = Debug|Any CPU
		{E385C494-4998-46E2-ABAE-92E96F807156}.Debug|Any CPU.Build.0 = Debug|Any CPU
		{E385C494-4998-46E2-ABAE-92E96F807156}.Release|Any CPU.ActiveCfg = Release|Any CPU
		{E385C494-4998-46E2-ABAE-92E96F807156}.Release|Any CPU.Build.0 = Release|Any CPU
	EndGlobalSection
	GlobalSection(SolutionProperties) = preSolution
		HideSolutionNode = FALSE
	EndGlobalSection
	GlobalSection(NestedProjects) = preSolution
		{523E4907-EFC2-415E-8C4C-13D8C79F1494} = {31CEE3CC-B4B9-4FEC-87D7-66424148C8DF}
		{53DBF664-8DEE-4185-8F41-EE3BDC6AA0FF} = {7CE86322-0109-48AA-A45A-3ACA602D70BA}
		{80BD5897-182E-4C08-A63F-73240B20B9EA} = {7CE86322-0109-48AA-A45A-3ACA602D70BA}
		{3BCEA12B-E3FB-459E-9568-2DFDFBD33903} = {7CE86322-0109-48AA-A45A-3ACA602D70BA}
		{DD9950CA-612E-40B9-B4C4-37E93B8E52FC} = {7CE86322-0109-48AA-A45A-3ACA602D70BA}
		{C9E305AD-D89A-48DF-ABF9-491D1FA65ED0} = {55D45AE1-8632-480F-8F3A-81373971E725}
		{7F28290B-059D-4496-B7C5-CF6401EFFECE} = {55D45AE1-8632-480F-8F3A-81373971E725}
		{5E399994-FEA1-4422-8AFD-F16AD25E134B} = {F527168D-C983-4E99-A156-3DC6E66F94F9}
		{C323130C-CC5D-4EFB-B639-8DD8A18B9D29} = {3DD6E040-C3CE-4EAF-B8DA-F370F5BB307C}
		{42C4F139-D821-4374-89C3-6A42CE971478} = {3DD6E040-C3CE-4EAF-B8DA-F370F5BB307C}
		{1E6BA784-438D-466B-AD2E-D9844EEA831E} = {3DD6E040-C3CE-4EAF-B8DA-F370F5BB307C}
		{13333B26-A230-4FFF-9CA2-50F51B217341} = {31CEE3CC-B4B9-4FEC-87D7-66424148C8DF}
		{587FB6D1-042F-422C-AB1E-5E9C26771075} = {31CEE3CC-B4B9-4FEC-87D7-66424148C8DF}
		{E385C494-4998-46E2-ABAE-92E96F807156} = {31CEE3CC-B4B9-4FEC-87D7-66424148C8DF}
		{5A65EED7-CF57-4C1D-B36C-EBD1AF8CDB05} = {31CEE3CC-B4B9-4FEC-87D7-66424148C8DF}
	EndGlobalSection
	GlobalSection(ExtensibilityGlobals) = postSolution
		SolutionGuid = {F16308CE-0F62-42CC-8EC5-7064480DE1E3}
	EndGlobalSection
EndGlobal
